
Microsoft Visual Studio Solution File, Format Version 12.00
# Visual Studio 14
VisualStudioVersion = 14.0.25123.0
MinimumVisualStudioVersion = 10.0.40219.1
Project("{FAE04EC0-301F-11D3-BF4B-00C04F79EFBC}") = "login-access", "login-access\login-access.csproj", "{3983BF87-3666-4E8F-B931-BEC5723A80C8}"
EndProject
Project("{FAE04EC0-301F-11D3-BF4B-00C04F79EFBC}") = "login-access.Tests", "login-access.Tests\login-access.Tests.csproj", "{B239FB46-E333-497C-9CBB-E3F29A4925FD}"
EndProject
Global
	GlobalSection(SolutionConfigurationPlatforms) = preSolution
		Debug|Any CPU = Debug|Any CPU
		Release|Any CPU = Release|Any CPU
	EndGlobalSection
	GlobalSection(ProjectConfigurationPlatforms) = postSolution
		{3983BF87-3666-4E8F-B931-BEC5723A80C8}.Debug|Any CPU.ActiveCfg = Debug|Any CPU
		{3983BF87-3666-4E8F-B931-BEC5723A80C8}.Debug|Any CPU.Build.0 = Debug|Any CPU
		{3983BF87-3666-4E8F-B931-BEC5723A80C8}.Release|Any CPU.ActiveCfg = Release|Any CPU
		{3983BF87-3666-4E8F-B931-BEC5723A80C8}.Release|Any CPU.Build.0 = Release|Any CPU
		{B239FB46-E333-497C-9CBB-E3F29A4925FD}.Debug|Any CPU.ActiveCfg = Debug|Any CPU
		{B239FB46-E333-497C-9CBB-E3F29A4925FD}.Debug|Any CPU.Build.0 = Debug|Any CPU
		{B239FB46-E333-497C-9CBB-E3F29A4925FD}.Release|Any CPU.ActiveCfg = Release|Any CPU
		{B239FB46-E333-497C-9CBB-E3F29A4925FD}.Release|Any CPU.Build.0 = Release|Any CPU
	EndGlobalSection
	GlobalSection(SolutionProperties) = preSolution
		HideSolutionNode = FALSE
	EndGlobalSection
EndGlobal
